// !$*UTF8*$!
{
	archiveVersion = 1;
	classes = {
	};
	objectVersion = 46;
	objects = {

/* Begin PBXBuildFile section */
		038F5D391CA8CF0900F346A7 /* ACBle.m in Sources */ = {isa = PBXBuildFile; fileRef = 038F5D381CA8CF0900F346A7 /* ACBle.m */; };
/* End PBXBuildFile section */

/* Begin PBXCopyFilesBuildPhase section */
		038F5D291CA8CED100F346A7 /* CopyFiles */ = {
			isa = PBXCopyFilesBuildPhase;
			buildActionMask = 2147483647;
			dstPath = "include/$(PRODUCT_NAME)";
			dstSubfolderSpec = 16;
			files = (
			);
			runOnlyForDeploymentPostprocessing = 0;
		};
/* End PBXCopyFilesBuildPhase section */

/* Begin PBXFileReference section */
		038F5D2B1CA8CED100F346A7 /* libBluetooth4.a */ = {isa = PBXFileReference; explicitFileType = archive.ar; includeInIndex = 0; path = libBluetooth4.a; sourceTree = BUILT_PRODUCTS_DIR; };
		038F5D371CA8CF0900F346A7 /* ACBle.h */ = {isa = PBXFileReference; fileEncoding = 4; lastKnownFileType = sourcecode.c.h; path = ACBle.h; sourceTree = "<group>"; };
		038F5D381CA8CF0900F346A7 /* ACBle.m */ = {isa = PBXFileReference; fileEncoding = 4; lastKnownFileType = sourcecode.c.objc; path = ACBle.m; sourceTree = "<group>"; };
		038F5D3B1CA8CF4E00F346A7 /* NSDictionaryUtils.h */ = {isa = PBXFileReference; fileEncoding = 4; lastKnownFileType = sourcecode.c.h; path = NSDictionaryUtils.h; sourceTree = "<group>"; };
		038F5D3C1CA8CF5E00F346A7 /* UZModule.h */ = {isa = PBXFileReference; fileEncoding = 4; lastKnownFileType = sourcecode.c.h; path = UZModule.h; sourceTree = "<group>"; };
/* End PBXFileReference section */

/* Begin PBXFrameworksBuildPhase section */
		038F5D281CA8CED100F346A7 /* Frameworks */ = {
			isa = PBXFrameworksBuildPhase;
			buildActionMask = 2147483647;
			files = (
			);
			runOnlyForDeploymentPostprocessing = 0;
		};
/* End PBXFrameworksBuildPhase section */

/* Begin PBXGroup section */
		038F5D221CA8CED100F346A7 = {
			isa = PBXGroup;
			children = (
				038F5D3A1CA8CF4400F346A7 /* headFile */,
				038F5D2D1CA8CED100F346A7 /* Bluetooth4 */,
				038F5D2C1CA8CED100F346A7 /* Products */,
			);
			sourceTree = "<group>";
		};
		038F5D2C1CA8CED100F346A7 /* Products */ = {
			isa = PBXGroup;
			children = (
				038F5D2B1CA8CED100F346A7 /* libBluetooth4.a */,
			);
			name = Products;
			sourceTree = "<group>";
		};
		038F5D2D1CA8CED100F346A7 /* Bluetooth4 */ = {
			isa = PBXGroup;
			children = (
				038F5D371CA8CF0900F346A7 /* ACBle.h */,
				038F5D381CA8CF0900F346A7 /* ACBle.m */,
			);
			path = Bluetooth4;
			sourceTree = "<group>";
		};
		038F5D3A1CA8CF4400F346A7 /* headFile */ = {
			isa = PBXGroup;
			children = (
				038F5D3C1CA8CF5E00F346A7 /* UZModule.h */,
				038F5D3B1CA8CF4E00F346A7 /* NSDictionaryUtils.h */,
			);
			path = headFile;
			sourceTree = "<group>";
		};
/* End PBXGroup section */

/* Begin PBXNativeTarget section */
		038F5D2A1CA8CED100F346A7 /* Bluetooth4 */ = {
			isa = PBXNativeTarget;
			buildConfigurationList = 038F5D341CA8CED100F346A7 /* Build configuration list for PBXNativeTarget "Bluetooth4" */;
			buildPhases = (
				038F5D271CA8CED100F346A7 /* Sources */,
				038F5D281CA8CED100F346A7 /* Frameworks */,
				038F5D291CA8CED100F346A7 /* CopyFiles */,
			);
			buildRules = (
			);
			dependencies = (
			);
			name = Bluetooth4;
			productName = Bluetooth4;
			productReference = 038F5D2B1CA8CED100F346A7 /* libBluetooth4.a */;
			productType = "com.apple.product-type.library.static";
		};
/* End PBXNativeTarget section */

/* Begin PBXProject section */
		038F5D231CA8CED100F346A7 /* Project object */ = {
			isa = PBXProject;
			attributes = {
				LastUpgradeCheck = 0720;
				ORGANIZATIONNAME = "___Turbo___";
				TargetAttributes = {
					038F5D2A1CA8CED100F346A7 = {
						CreatedOnToolsVersion = 7.2;
					};
				};
			};
			buildConfigurationList = 038F5D261CA8CED100F346A7 /* Build configuration list for PBXProject "Bluetooth4" */;
			compatibilityVersion = "Xcode 3.2";
			developmentRegion = English;
			hasScannedForEncodings = 0;
			knownRegions = (
				en,
			);
			mainGroup = 038F5D221CA8CED100F346A7;
			productRefGroup = 038F5D2C1CA8CED100F346A7 /* Products */;
			projectDirPath = "";
			projectRoot = "";
			targets = (
				038F5D2A1CA8CED100F346A7 /* Bluetooth4 */,
			);
		};
/* End PBXProject section */

/* Begin PBXSourcesBuildPhase section */
		038F5D271CA8CED100F346A7 /* Sources */ = {
			isa = PBXSourcesBuildPhase;
			buildActionMask = 2147483647;
			files = (
				038F5D391CA8CF0900F346A7 /* ACBle.m in Sources */,
			);
			runOnlyForDeploymentPostprocessing = 0;
		};
/* End PBXSourcesBuildPhase section */

/* Begin XCBuildConfiguration section */
		038F5D321CA8CED100F346A7 /* Debug */ = {
			isa = XCBuildConfiguration;
			buildSettings = {
				ALWAYS_SEARCH_USER_PATHS = NO;
				CLANG_CXX_LANGUAGE_STANDARD = "gnu++0x";
				CLANG_CXX_LIBRARY = "libc++";
				CLANG_ENABLE_MODULES = YES;
				CLANG_ENABLE_OBJC_ARC = YES;
				CLANG_WARN_BOOL_CONVERSION = YES;
				CLANG_WARN_CONSTANT_CONVERSION = YES;
				CLANG_WARN_DIRECT_OBJC_ISA_USAGE = YES_ERROR;
				CLANG_WARN_EMPTY_BODY = YES;
				CLANG_WARN_ENUM_CONVERSION = YES;
				CLANG_WARN_INT_CONVERSION = YES;
				CLANG_WARN_OBJC_ROOT_CLASS = YES_ERROR;
				CLANG_WARN_UNREACHABLE_CODE = YES;
				CLANG_WARN__DUPLICATE_METHOD_MATCH = YES;
				"CODE_SIGN_IDENTITY[sdk=iphoneos*]" = "iPhone Developer";
				COPY_PHASE_STRIP = NO;
				DEBUG_INFORMATION_FORMAT = dwarf;
				ENABLE_STRICT_OBJC_MSGSEND = YES;
				ENABLE_TESTABILITY = YES;
				GCC_C_LANGUAGE_STANDARD = gnu99;
				GCC_DYNAMIC_NO_PIC = NO;
				GCC_NO_COMMON_BLOCKS = YES;
				GCC_OPTIMIZATION_LEVEL = 0;
				GCC_PREPROCESSOR_DEFINITIONS = (
					"DEBUG=1",
					"$(inherited)",
				);
				GCC_WARN_64_TO_32_BIT_CONVERSION = YES;
				GCC_WARN_ABOUT_RETURN_TYPE = YES_ERROR;
				GCC_WARN_UNDECLARED_SELECTOR = YES;
				GCC_WARN_UNINITIALIZED_AUTOS = YES_AGGRESSIVE;
				GCC_WARN_UNUSED_FUNCTION = YES;
				GCC_WARN_UNUSED_VARIABLE = YES;
				IPHONEOS_DEPLOYMENT_TARGET = 7.0;
				MTL_ENABLE_DEBUG_INFO = YES;
				ONLY_ACTIVE_ARCH = YES;
				SDKROOT = iphoneos;
			};
			name = Debug;
		};
		038F5D331CA8CED100F346A7 /* Release */ = {
			isa = XCBuildConfiguration;
			buildSettings = {
				ALWAYS_SEARCH_USER_PATHS = NO;
				CLANG_CXX_LANGUAGE_STANDARD = "gnu++0x";
				CLANG_CXX_LIBRARY = "libc++";
				CLANG_ENABLE_MODULES = YES;
				CLANG_ENABLE_OBJC_ARC = YES;
				CLANG_WARN_BOOL_CONVERSION = YES;
				CLANG_WARN_CONSTANT_CONVERSION = YES;
				CLANG_WARN_DIRECT_OBJC_ISA_USAGE = YES_ERROR;
				CLANG_WARN_EMPTY_BODY = YES;
				CLANG_WARN_ENUM_CONVERSION = YES;
				CLANG_WARN_INT_CONVERSION = YES;
				CLANG_WARN_OBJC_ROOT_CLASS = YES_ERROR;
				CLANG_WARN_UNREACHABLE_CODE = YES;
				CLANG_WARN__DUPLICATE_METHOD_MATCH = YES;
				"CODE_SIGN_IDENTITY[sdk=iphoneos*]" = "iPhone Developer";
				COPY_PHASE_STRIP = NO;
				DEBUG_INFORMATION_FORMAT = "dwarf-with-dsym";
				ENABLE_NS_ASSERTIONS = NO;
				ENABLE_STRICT_OBJC_MSGSEND = YES;
				GCC_C_LANGUAGE_STANDARD = gnu99;
				GCC_NO_COMMON_BLOCKS = YES;
				GCC_WARN_64_TO_32_BIT_CONVERSION = YES;
				GCC_WARN_ABOUT_RETURN_TYPE = YES_ERROR;
				GCC_WARN_UNDECLARED_SELECTOR = YES;
				GCC_WARN_UNINITIALIZED_AUTOS = YES_AGGRESSIVE;
				GCC_WARN_UNUSED_FUNCTION = YES;
				GCC_WARN_UNUSED_VARIABLE = YES;
				IPHONEOS_DEPLOYMENT_TARGET = 7.0;
				MTL_ENABLE_DEBUG_INFO = NO;
				SDKROOT = iphoneos;
				VALIDATE_PRODUCT = YES;
			};
			name = Release;
		};
		038F5D351CA8CED100F346A7 /* Debug */ = {
			isa = XCBuildConfiguration;
			buildSettings = {
				ARCHS = (
					"$(ARCHS_STANDARD)",
					armv7s,
				);
				ONLY_ACTIVE_ARCH = NO;
				OTHER_LDFLAGS = "-ObjC";
				PRODUCT_NAME = "$(TARGET_NAME)";
				SKIP_INSTALL = YES;
			};
			name = Debug;
		};
		038F5D361CA8CED100F346A7 /* Release */ = {
			isa = XCBuildConfiguration;
			buildSettings = {
				ARCHS = (
					"$(ARCHS_STANDARD)",
					armv7s,
				);
				ONLY_ACTIVE_ARCH = NO;
				OTHER_LDFLAGS = "-ObjC";
				PRODUCT_NAME = "$(TARGET_NAME)";
				SKIP_INSTALL = YES;
			};
			name = Release;
		};
/* End XCBuildConfiguration section */

/* Begin XCConfigurationList section */
		038F5D261CA8CED100F346A7 /* Build configuration list for PBXProject "Bluetooth4" */ = {
			isa = XCConfigurationList;
			buildConfigurations = (
				038F5D321CA8CED100F346A7 /* Debug */,
				038F5D331CA8CED100F346A7 /* Release */,
			);
			defaultConfigurationIsVisible = 0;
			defaultConfigurationName = Release;
		};
		038F5D341CA8CED100F346A7 /* Build configuration list for PBXNativeTarget "Bluetooth4" */ = {
			isa = XCConfigurationList;
			buildConfigurations = (
				038F5D351CA8CED100F346A7 /* Debug */,
				038F5D361CA8CED100F346A7 /* Release */,
			);
			defaultConfigurationIsVisible = 0;
			defaultConfigurationName = Release;
		};
/* End XCConfigurationList section */
	};
	rootObject = 038F5D231CA8CED100F346A7 /* Project object */;
}
